// !$*UTF8*$!
{
	archiveVersion = 1;
	classes = {
	};
	objectVersion = 46;
	objects = {

/* Begin PBXBuildFile section */
		91101BF51DD8120400CD702C /* main.m in Sources */ = {isa = PBXBuildFile; fileRef = 91101BF41DD8120400CD702C /* main.m */; };
		91101BF81DD8120400CD702C /* AppDelegate.m in Sources */ = {isa = PBXBuildFile; fileRef = 91101BF71DD8120400CD702C /* AppDelegate.m */; };
		91101BFB1DD8120400CD702C /* ScanViewController.m in Sources */ = {isa = PBXBuildFile; fileRef = 91101BFA1DD8120400CD702C /* ScanViewController.m */; };
		91101BFE1DD8120400CD702C /* Main.storyboard in Resources */ = {isa = PBXBuildFile; fileRef = 91101BFC1DD8120400CD702C /* Main.storyboard */; };
		91101C001DD8120400CD702C /* Assets.xcassets in Resources */ = {isa = PBXBuildFile; fileRef = 91101BFF1DD8120400CD702C /* Assets.xcassets */; };
		91101C031DD8120400CD702C /* LaunchScreen.storyboard in Resources */ = {isa = PBXBuildFile; fileRef = 91101C011DD8120400CD702C /* LaunchScreen.storyboard */; };
		91101C0C1DD81CFC00CD702C /* BLE.m in Sources */ = {isa = PBXBuildFile; fileRef = 91101C0B1DD81CFC00CD702C /* BLE.m */; };
		91101C101DD8C4D400CD702C /* BLEsdk.m in Sources */ = {isa = PBXBuildFile; fileRef = 91101C0F1DD8C4D400CD702C /* BLEsdk.m */; };
/* End PBXBuildFile section */

/* Begin PBXFileReference section */
		91101BF01DD8120400CD702C /* bluetooth.app */ = {isa = PBXFileReference; explicitFileType = wrapper.application; includeInIndex = 0; path = bluetooth.app; sourceTree = BUILT_PRODUCTS_DIR; };
		91101BF41DD8120400CD702C /* main.m */ = {isa = PBXFileReference; lastKnownFileType = sourcecode.c.objc; path = main.m; sourceTree = "<group>"; };
		91101BF61DD8120400CD702C /* AppDelegate.h */ = {isa = PBXFileReference; lastKnownFileType = sourcecode.c.h; path = AppDelegate.h; sourceTree = "<group>"; };
		91101BF71DD8120400CD702C /* AppDelegate.m */ = {isa = PBXFileReference; lastKnownFileType = sourcecode.c.objc; path = AppDelegate.m; sourceTree = "<group>"; };
		91101BF91DD8120400CD702C /* ScanViewController.h */ = {isa = PBXFileReference; lastKnownFileType = sourcecode.c.h; path = ScanViewController.h; sourceTree = "<group>"; };
		91101BFA1DD8120400CD702C /* ScanViewController.m */ = {isa = PBXFileReference; lastKnownFileType = sourcecode.c.objc; path = ScanViewController.m; sourceTree = "<group>"; };
		91101BFD1DD8120400CD702C /* Base */ = {isa = PBXFileReference; lastKnownFileType = file.storyboard; name = Base; path = Base.lproj/Main.storyboard; sourceTree = "<group>"; };
		91101BFF1DD8120400CD702C /* Assets.xcassets */ = {isa = PBXFileReference; lastKnownFileType = folder.assetcatalog; path = Assets.xcassets; sourceTree = "<group>"; };
		91101C021DD8120400CD702C /* Base */ = {isa = PBXFileReference; lastKnownFileType = file.storyboard; name = Base; path = Base.lproj/LaunchScreen.storyboard; sourceTree = "<group>"; };
		91101C041DD8120400CD702C /* Info.plist */ = {isa = PBXFileReference; lastKnownFileType = text.plist.xml; path = Info.plist; sourceTree = "<group>"; };
		91101C0A1DD81CFC00CD702C /* BLE.h */ = {isa = PBXFileReference; fileEncoding = 4; lastKnownFileType = sourcecode.c.h; path = BLE.h; sourceTree = "<group>"; };
		91101C0B1DD81CFC00CD702C /* BLE.m */ = {isa = PBXFileReference; fileEncoding = 4; lastKnownFileType = sourcecode.c.objc; path = BLE.m; sourceTree = "<group>"; };
		91101C0D1DD81D1800CD702C /* BLEDefines.h */ = {isa = PBXFileReference; lastKnownFileType = sourcecode.c.h; path = BLEDefines.h; sourceTree = "<group>"; };
		91101C0E1DD8C4D400CD702C /* BLEsdk.h */ = {isa = PBXFileReference; fileEncoding = 4; lastKnownFileType = sourcecode.c.h; path = BLEsdk.h; sourceTree = "<group>"; };
		91101C0F1DD8C4D400CD702C /* BLEsdk.m */ = {isa = PBXFileReference; fileEncoding = 4; lastKnownFileType = sourcecode.c.objc; path = BLEsdk.m; sourceTree = "<group>"; };
/* End PBXFileReference section */

/* Begin PBXFrameworksBuildPhase section */
		91101BED1DD8120400CD702C /* Frameworks */ = {
			isa = PBXFrameworksBuildPhase;
			buildActionMask = 2147483647;
			files = (
			);
			runOnlyForDeploymentPostprocessing = 0;
		};
/* End PBXFrameworksBuildPhase section */

/* Begin PBXGroup section */
		91101BE71DD8120400CD702C = {
			isa = PBXGroup;
			children = (
				91101BF21DD8120400CD702C /* bluetooth */,
				91101BF11DD8120400CD702C /* Products */,
			);
			sourceTree = "<group>";
		};
		91101BF11DD8120400CD702C /* Products */ = {
			isa = PBXGroup;
			children = (
				91101BF01DD8120400CD702C /* bluetooth.app */,
			);
			name = Products;
			sourceTree = "<group>";
		};
		91101BF21DD8120400CD702C /* bluetooth */ = {
			isa = PBXGroup;
			children = (
				91101C0A1DD81CFC00CD702C /* BLE.h */,
				91101C0B1DD81CFC00CD702C /* BLE.m */,
				91101C0D1DD81D1800CD702C /* BLEDefines.h */,
				91101BF61DD8120400CD702C /* AppDelegate.h */,
				91101BF71DD8120400CD702C /* AppDelegate.m */,
				91101C0E1DD8C4D400CD702C /* BLEsdk.h */,
				91101C0F1DD8C4D400CD702C /* BLEsdk.m */,
				91101BF91DD8120400CD702C /* ScanViewController.h */,
				91101BFA1DD8120400CD702C /* ScanViewController.m */,
				91101BFC1DD8120400CD702C /* Main.storyboard */,
				91101BFF1DD8120400CD702C /* Assets.xcassets */,
				91101C011DD8120400CD702C /* LaunchScreen.storyboard */,
				91101C041DD8120400CD702C /* Info.plist */,
				91101BF31DD8120400CD702C /* Supporting Files */,
			);
			path = bluetooth;
			sourceTree = "<group>";
		};
		91101BF31DD8120400CD702C /* Supporting Files */ = {
			isa = PBXGroup;
			children = (
				91101BF41DD8120400CD702C /* main.m */,
			);
			name = "Supporting Files";
			sourceTree = "<group>";
		};
/* End PBXGroup section */

/* Begin PBXNativeTarget section */
		91101BEF1DD8120400CD702C /* bluetooth */ = {
			isa = PBXNativeTarget;
			buildConfigurationList = 91101C071DD8120400CD702C /* Build configuration list for PBXNativeTarget "bluetooth" */;
			buildPhases = (
				91101BEC1DD8120400CD702C /* Sources */,
				91101BED1DD8120400CD702C /* Frameworks */,
				91101BEE1DD8120400CD702C /* Resources */,
			);
			buildRules = (
			);
			dependencies = (
			);
			name = bluetooth;
			productName = bluetooth;
			productReference = 91101BF01DD8120400CD702C /* bluetooth.app */;
			productType = "com.apple.product-type.application";
		};
/* End PBXNativeTarget section */

/* Begin PBXProject section */
		91101BE81DD8120400CD702C /* Project object */ = {
			isa = PBXProject;
			attributes = {
				LastUpgradeCheck = 0810;
				ORGANIZATIONNAME = fangming;
				TargetAttributes = {
					91101BEF1DD8120400CD702C = {
						CreatedOnToolsVersion = 8.1;
						DevelopmentTeam = YVU7E365RC;
						ProvisioningStyle = Automatic;
					};
				};
			};
			buildConfigurationList = 91101BEB1DD8120400CD702C /* Build configuration list for PBXProject "bluetooth" */;
			compatibilityVersion = "Xcode 3.2";
			developmentRegion = English;
			hasScannedForEncodings = 0;
			knownRegions = (
				en,
				Base,
			);
			mainGroup = 91101BE71DD8120400CD702C;
			productRefGroup = 91101BF11DD8120400CD702C /* Products */;
			projectDirPath = "";
			projectRoot = "";
			targets = (
				91101BEF1DD8120400CD702C /* bluetooth */,
			);
		};
/* End PBXProject section */

/* Begin PBXResourcesBuildPhase section */
		91101BEE1DD8120400CD702C /* Resources */ = {
			isa = PBXResourcesBuildPhase;
			buildActionMask = 2147483647;
			files = (
				91101C031DD8120400CD702C /* LaunchScreen.storyboard in Resources */,
				91101C001DD8120400CD702C /* Assets.xcassets in Resources */,
				91101BFE1DD8120400CD702C /* Main.storyboard in Resources */,
			);
			runOnlyForDeploymentPostprocessing = 0;
		};
/* End PBXResourcesBuildPhase section */

/* Begin PBXSourcesBuildPhase section */
		91101BEC1DD8120400CD702C /* Sources */ = {
			isa = PBXSourcesBuildPhase;
			buildActionMask = 2147483647;
			files = (
				91101BFB1DD8120400CD702C /* ScanViewController.m in Sources */,
				91101BF81DD8120400CD702C /* AppDelegate.m in Sources */,
				91101C101DD8C4D400CD702C /* BLEsdk.m in Sources */,
				91101BF51DD8120400CD702C /* main.m in Sources */,
				91101C0C1DD81CFC00CD702C /* BLE.m in Sources */,
			);
			runOnlyForDeploymentPostprocessing = 0;
		};
/* End PBXSourcesBuildPhase section */

/* Begin PBXVariantGroup section */
		91101BFC1DD8120400CD702C /* Main.storyboard */ = {
			isa = PBXVariantGroup;
			children = (
				91101BFD1DD8120400CD702C /* Base */,
			);
			name = Main.storyboard;
			sourceTree = "<group>";
		};
		91101C011DD8120400CD702C /* LaunchScreen.storyboard */ = {
			isa = PBXVariantGroup;
			children = (
				91101C021DD8120400CD702C /* Base */,
			);
			name = LaunchScreen.storyboard;
			sourceTree = "<group>";
		};
/* End PBXVariantGroup section */

/* Begin XCBuildConfiguration section */
		91101C051DD8120400CD702C /* Debug */ = {
			isa = XCBuildConfiguration;
			buildSettings = {
				ALWAYS_SEARCH_USER_PATHS = NO;
				CLANG_ANALYZER_NONNULL = YES;
				CLANG_CXX_LANGUAGE_STANDARD = "gnu++0x";
				CLANG_CXX_LIBRARY = "libc++";
				CLANG_ENABLE_MODULES = YES;
				CLANG_ENABLE_OBJC_ARC = YES;
				CLANG_WARN_BOOL_CONVERSION = YES;
				CLANG_WARN_CONSTANT_CONVERSION = YES;
				CLANG_WARN_DIRECT_OBJC_ISA_USAGE = YES_ERROR;
				CLANG_WARN_DOCUMENTATION_COMMENTS = YES;
				CLANG_WARN_EMPTY_BODY = YES;
				CLANG_WARN_ENUM_CONVERSION = YES;
				CLANG_WARN_INFINITE_RECURSION = YES;
				CLANG_WARN_INT_CONVERSION = YES;
				CLANG_WARN_OBJC_ROOT_CLASS = YES_ERROR;
				CLANG_WARN_SUSPICIOUS_MOVES = YES;
				CLANG_WARN_UNREACHABLE_CODE = YES;
				CLANG_WARN__DUPLICATE_METHOD_MATCH = YES;
				"CODE_SIGN_IDENTITY[sdk=iphoneos*]" = "iPhone Developer";
				COPY_PHASE_STRIP = NO;
				DEBUG_INFORMATION_FORMAT = dwarf;
				ENABLE_STRICT_OBJC_MSGSEND = YES;
				ENABLE_TESTABILITY = YES;
				GCC_C_LANGUAGE_STANDARD = gnu99;
				GCC_DYNAMIC_NO_PIC = NO;
				GCC_NO_COMMON_BLOCKS = YES;
				GCC_OPTIMIZATION_LEVEL = 0;
				GCC_PREPROCESSOR_DEFINITIONS = (
					"DEBUG=1",
					"$(inherited)",
				);
				GCC_WARN_64_TO_32_BIT_CONVERSION = YES;
				GCC_WARN_ABOUT_RETURN_TYPE = YES_ERROR;
				GCC_WARN_UNDECLARED_SELECTOR = YES;
				GCC_WARN_UNINITIALIZED_AUTOS = YES_AGGRESSIVE;
				GCC_WARN_UNUSED_FUNCTION = YES;
				GCC_WARN_UNUSED_VARIABLE = YES;
				IPHONEOS_DEPLOYMENT_TARGET = 10.1;
				MTL_ENABLE_DEBUG_INFO = YES;
				ONLY_ACTIVE_ARCH = YES;
				SDKROOT = iphoneos;
				TARGETED_DEVICE_FAMILY = "1,2";
			};
			name = Debug;
		};
		91101C061DD8120400CD702C /* Release */ = {
			isa = XCBuildConfiguration;
			buildSettings = {
				ALWAYS_SEARCH_USER_PATHS = NO;
				CLANG_ANALYZER_NONNULL = YES;
				CLANG_CXX_LANGUAGE_STANDARD = "gnu++0x";
				CLANG_CXX_LIBRARY = "libc++";
				CLANG_ENABLE_MODULES = YES;
				CLANG_ENABLE_OBJC_ARC = YES;
				CLANG_WARN_BOOL_CONVERSION = YES;
				CLANG_WARN_CONSTANT_CONVERSION = YES;
				CLANG_WARN_DIRECT_OBJC_ISA_USAGE = YES_ERROR;
				CLANG_WARN_DOCUMENTATION_COMMENTS = YES;
				CLANG_WARN_EMPTY_BODY = YES;
				CLANG_WARN_ENUM_CONVERSION = YES;
				CLANG_WARN_INFINITE_RECURSION = YES;
				CLANG_WARN_INT_CONVERSION = YES;
				CLANG_WARN_OBJC_ROOT_CLASS = YES_ERROR;
				CLANG_WARN_SUSPICIOUS_MOVES = YES;
				CLANG_WARN_UNREACHABLE_CODE = YES;
				CLANG_WARN__DUPLICATE_METHOD_MATCH = YES;
				"CODE_SIGN_IDENTITY[sdk=iphoneos*]" = "iPhone Developer";
				COPY_PHASE_STRIP = NO;
				DEBUG_INFORMATION_FORMAT = "dwarf-with-dsym";
				ENABLE_NS_ASSERTIONS = NO;
				ENABLE_STRICT_OBJC_MSGSEND = YES;
				GCC_C_LANGUAGE_STANDARD = gnu99;
				GCC_NO_COMMON_BLOCKS = YES;
				GCC_WARN_64_TO_32_BIT_CONVERSION = YES;
				GCC_WARN_ABOUT_RETURN_TYPE = YES_ERROR;
				GCC_WARN_UNDECLARED_SELECTOR = YES;
				GCC_WARN_UNINITIALIZED_AUTOS = YES_AGGRESSIVE;
				GCC_WARN_UNUSED_FUNCTION = YES;
				GCC_WARN_UNUSED_VARIABLE = YES;
				IPHONEOS_DEPLOYMENT_TARGET = 10.1;
				MTL_ENABLE_DEBUG_INFO = NO;
				SDKROOT = iphoneos;
				TARGETED_DEVICE_FAMILY = "1,2";
				VALIDATE_PRODUCT = YES;
			};
			name = Release;
		};
		91101C081DD8120400CD702C /* Debug */ = {
			isa = XCBuildConfiguration;
			buildSettings = {
				ASSETCATALOG_COMPILER_APPICON_NAME = AppIcon;
				DEVELOPMENT_TEAM = YVU7E365RC;
				INFOPLIST_FILE = bluetooth/Info.plist;
				IPHONEOS_DEPLOYMENT_TARGET = 10.0;
				LD_RUNPATH_SEARCH_PATHS = "$(inherited) @executable_path/Frameworks";
				PRODUCT_BUNDLE_IDENTIFIER = com.fmning.bluetooth;
				PRODUCT_NAME = "$(TARGET_NAME)";
			};
			name = Debug;
		};
		91101C091DD8120400CD702C /* Release */ = {
			isa = XCBuildConfiguration;
			buildSettings = {
				ASSETCATALOG_COMPILER_APPICON_NAME = AppIcon;
				DEVELOPMENT_TEAM = YVU7E365RC;
				INFOPLIST_FILE = bluetooth/Info.plist;
				IPHONEOS_DEPLOYMENT_TARGET = 10.0;
				LD_RUNPATH_SEARCH_PATHS = "$(inherited) @executable_path/Frameworks";
				PRODUCT_BUNDLE_IDENTIFIER = com.fmning.bluetooth;
				PRODUCT_NAME = "$(TARGET_NAME)";
			};
			name = Release;
		};
/* End XCBuildConfiguration section */

/* Begin XCConfigurationList section */
		91101BEB1DD8120400CD702C /* Build configuration list for PBXProject "bluetooth" */ = {
			isa = XCConfigurationList;
			buildConfigurations = (
				91101C051DD8120400CD702C /* Debug */,
				91101C061DD8120400CD702C /* Release */,
			);
			defaultConfigurationIsVisible = 0;
			defaultConfigurationName = Release;
		};
		91101C071DD8120400CD702C /* Build configuration list for PBXNativeTarget "bluetooth" */ = {
			isa = XCConfigurationList;
			buildConfigurations = (
				91101C081DD8120400CD702C /* Debug */,
				91101C091DD8120400CD702C /* Release */,
			);
			defaultConfigurationIsVisible = 0;
			defaultConfigurationName = Release;
		};
/* End XCConfigurationList section */
	};
	rootObject = 91101BE81DD8120400CD702C /* Project object */;
}
